
Microsoft Visual Studio Solution File, Format Version 12.00
# Visual Studio Version 17
VisualStudioVersion = 17.2.32516.85
MinimumVisualStudioVersion = 10.0.40219.1
Project("{8BC9CEB8-8B4A-11D0-8D11-00A0C91BC942}") = "PInvoke.Cpp", "PInvoke.Cpp\PInvoke.Cpp.vcxproj", "{30703DC1-7053-4181-810F-6CB881E4C034}"
EndProject
Project("{9A19103F-16F7-4668-BE54-9A1E7A4F7556}") = "PInvoke.CSharp", "PInvoke.CSharp\PInvoke.CSharp.csproj", "{A6CA650B-FCB9-40E7-B693-DE9CC57DD617}"
EndProject
Project("{8BC9CEB8-8B4A-11D0-8D11-00A0C91BC942}") = "NativeCom.Cpp.sxs", "NativeCom.Cpp\NativeCom.Cpp.vcxproj", "{125AAC1A-DBA5-4455-8827-7E3E51A7D6FE}"
EndProject
Project("{9A19103F-16F7-4668-BE54-9A1E7A4F7556}") = "NativeCom.CSharp", "NativeCom.CSharp\NativeCom.CSharp.csproj", "{389FA5B1-75D4-483A-BFE7-BCC5E7E9A59B}"
EndProject
Project("{8BC9CEB8-8B4A-11D0-8D11-00A0C91BC942}") = "Cli.NativeCpp", "Cli.NativeCpp\Cli.NativeCpp.vcxproj", "{BBFF81AD-3C07-4E66-9E0D-C0AA11ECBB06}"
EndProject
Project("{8BC9CEB8-8B4A-11D0-8D11-00A0C91BC942}") = "Cli.ManagedCpp", "Cli.ManagedCpp\Cli.ManagedCpp.vcxproj", "{BE68B82E-E01F-426F-8C11-0F93D9336A8A}"
EndProject
Project("{9A19103F-16F7-4668-BE54-9A1E7A4F7556}") = "Cli.CSharp", "Cli.CSharp\Cli.CSharp.csproj", "{1CFBFAC3-962D-48FA-B3EF-1703C9CFF176}"
EndProject
Project("{2150E333-8FDC-42A3-9474-1A3956D46DE8}") = "ManagedToNative", "ManagedToNative", "{B056DA46-06DD-4DD5-A9FE-D3AFA233EFC5}"
EndProject
Project("{2150E333-8FDC-42A3-9474-1A3956D46DE8}") = "NativeToManaged", "NativeToManaged", "{E16C72E1-B503-49F4-A93B-19DE35F78E9E}"
EndProject
Project("{9A19103F-16F7-4668-BE54-9A1E7A4F7556}") = "ComVisible.CSharp", "ComVisible.CSharp\ComVisible.CSharp.csproj", "{33E5680A-7B99-4AD9-A4A2-2FA2838B2857}"
EndProject
Project("{8BC9CEB8-8B4A-11D0-8D11-00A0C91BC942}") = "ComVisible.Cpp", "ComVisible.Cpp\ComVisible.Cpp.vcxproj", "{73D35898-0B24-4FED-B7F4-7C08093C5F4C}"
EndProject
Project("{8BC9CEB8-8B4A-11D0-8D11-00A0C91BC942}") = "Hosted.Cpp", "Hosted.Cpp\Hosted.Cpp.vcxproj", "{461C7989-42D9-449C-8F8A-ED28E46E508C}"
EndProject
Project("{9A19103F-16F7-4668-BE54-9A1E7A4F7556}") = "Hosted.CSharp", "Hosted.CSharp\Hosted.CSharp.csproj", "{DB8E3338-27A7-4ADC-ADBC-031E6B214413}"
EndProject
Global
	GlobalSection(SolutionConfigurationPlatforms) = preSolution
		Debug|x64 = Debug|x64
		Release|x64 = Release|x64
	EndGlobalSection
	GlobalSection(ProjectConfigurationPlatforms) = postSolution
		{30703DC1-7053-4181-810F-6CB881E4C034}.Debug|x64.ActiveCfg = Debug|x64
		{30703DC1-7053-4181-810F-6CB881E4C034}.Debug|x64.Build.0 = Debug|x64
		{30703DC1-7053-4181-810F-6CB881E4C034}.Release|x64.ActiveCfg = Release|x64
		{30703DC1-7053-4181-810F-6CB881E4C034}.Release|x64.Build.0 = Release|x64
		{A6CA650B-FCB9-40E7-B693-DE9CC57DD617}.Debug|x64.ActiveCfg = Debug|x64
		{A6CA650B-FCB9-40E7-B693-DE9CC57DD617}.Debug|x64.Build.0 = Debug|x64
		{A6CA650B-FCB9-40E7-B693-DE9CC57DD617}.Release|x64.ActiveCfg = Release|x64
		{A6CA650B-FCB9-40E7-B693-DE9CC57DD617}.Release|x64.Build.0 = Release|x64
		{125AAC1A-DBA5-4455-8827-7E3E51A7D6FE}.Debug|x64.ActiveCfg = Debug|x64
		{125AAC1A-DBA5-4455-8827-7E3E51A7D6FE}.Debug|x64.Build.0 = Debug|x64
		{125AAC1A-DBA5-4455-8827-7E3E51A7D6FE}.Release|x64.ActiveCfg = Release|x64
		{125AAC1A-DBA5-4455-8827-7E3E51A7D6FE}.Release|x64.Build.0 = Release|x64
		{389FA5B1-75D4-483A-BFE7-BCC5E7E9A59B}.Debug|x64.ActiveCfg = Debug|x64
		{389FA5B1-75D4-483A-BFE7-BCC5E7E9A59B}.Debug|x64.Build.0 = Debug|x64
		{389FA5B1-75D4-483A-BFE7-BCC5E7E9A59B}.Release|x64.ActiveCfg = Release|x64
		{389FA5B1-75D4-483A-BFE7-BCC5E7E9A59B}.Release|x64.Build.0 = Release|x64
		{BBFF81AD-3C07-4E66-9E0D-C0AA11ECBB06}.Debug|x64.ActiveCfg = Debug|x64
		{BBFF81AD-3C07-4E66-9E0D-C0AA11ECBB06}.Debug|x64.Build.0 = Debug|x64
		{BBFF81AD-3C07-4E66-9E0D-C0AA11ECBB06}.Release|x64.ActiveCfg = Release|x64
		{BBFF81AD-3C07-4E66-9E0D-C0AA11ECBB06}.Release|x64.Build.0 = Release|x64
		{BE68B82E-E01F-426F-8C11-0F93D9336A8A}.Debug|x64.ActiveCfg = Debug|x64
		{BE68B82E-E01F-426F-8C11-0F93D9336A8A}.Debug|x64.Build.0 = Debug|x64
		{BE68B82E-E01F-426F-8C11-0F93D9336A8A}.Release|x64.ActiveCfg = Release|x64
		{BE68B82E-E01F-426F-8C11-0F93D9336A8A}.Release|x64.Build.0 = Release|x64
		{1CFBFAC3-962D-48FA-B3EF-1703C9CFF176}.Debug|x64.ActiveCfg = Debug|Any CPU
		{1CFBFAC3-962D-48FA-B3EF-1703C9CFF176}.Debug|x64.Build.0 = Debug|Any CPU
		{1CFBFAC3-962D-48FA-B3EF-1703C9CFF176}.Release|x64.ActiveCfg = Release|Any CPU
		{1CFBFAC3-962D-48FA-B3EF-1703C9CFF176}.Release|x64.Build.0 = Release|Any CPU
		{33E5680A-7B99-4AD9-A4A2-2FA2838B2857}.Debug|x64.ActiveCfg = Debug|x64
		{33E5680A-7B99-4AD9-A4A2-2FA2838B2857}.Debug|x64.Build.0 = Debug|x64
		{33E5680A-7B99-4AD9-A4A2-2FA2838B2857}.Release|x64.ActiveCfg = Release|x64
		{33E5680A-7B99-4AD9-A4A2-2FA2838B2857}.Release|x64.Build.0 = Release|x64
		{73D35898-0B24-4FED-B7F4-7C08093C5F4C}.Debug|x64.ActiveCfg = Debug|x64
		{73D35898-0B24-4FED-B7F4-7C08093C5F4C}.Debug|x64.Build.0 = Debug|x64
		{73D35898-0B24-4FED-B7F4-7C08093C5F4C}.Release|x64.ActiveCfg = Release|x64
		{73D35898-0B24-4FED-B7F4-7C08093C5F4C}.Release|x64.Build.0 = Release|x64
		{461C7989-42D9-449C-8F8A-ED28E46E508C}.Debug|x64.ActiveCfg = Debug|x64
		{461C7989-42D9-449C-8F8A-ED28E46E508C}.Debug|x64.Build.0 = Debug|x64
		{461C7989-42D9-449C-8F8A-ED28E46E508C}.Release|x64.ActiveCfg = Release|x64
		{461C7989-42D9-449C-8F8A-ED28E46E508C}.Release|x64.Build.0 = Release|x64
		{DB8E3338-27A7-4ADC-ADBC-031E6B214413}.Debug|x64.ActiveCfg = Debug|Any CPU
		{DB8E3338-27A7-4ADC-ADBC-031E6B214413}.Debug|x64.Build.0 = Debug|Any CPU
		{DB8E3338-27A7-4ADC-ADBC-031E6B214413}.Release|x64.ActiveCfg = Release|Any CPU
		{DB8E3338-27A7-4ADC-ADBC-031E6B214413}.Release|x64.Build.0 = Release|Any CPU
	EndGlobalSection
	GlobalSection(SolutionProperties) = preSolution
		HideSolutionNode = FALSE
	EndGlobalSection
	GlobalSection(NestedProjects) = preSolution
		{30703DC1-7053-4181-810F-6CB881E4C034} = {B056DA46-06DD-4DD5-A9FE-D3AFA233EFC5}
		{A6CA650B-FCB9-40E7-B693-DE9CC57DD617} = {B056DA46-06DD-4DD5-A9FE-D3AFA233EFC5}
		{125AAC1A-DBA5-4455-8827-7E3E51A7D6FE} = {B056DA46-06DD-4DD5-A9FE-D3AFA233EFC5}
		{389FA5B1-75D4-483A-BFE7-BCC5E7E9A59B} = {B056DA46-06DD-4DD5-A9FE-D3AFA233EFC5}
		{BBFF81AD-3C07-4E66-9E0D-C0AA11ECBB06} = {B056DA46-06DD-4DD5-A9FE-D3AFA233EFC5}
		{BE68B82E-E01F-426F-8C11-0F93D9336A8A} = {B056DA46-06DD-4DD5-A9FE-D3AFA233EFC5}
		{1CFBFAC3-962D-48FA-B3EF-1703C9CFF176} = {B056DA46-06DD-4DD5-A9FE-D3AFA233EFC5}
		{33E5680A-7B99-4AD9-A4A2-2FA2838B2857} = {E16C72E1-B503-49F4-A93B-19DE35F78E9E}
		{73D35898-0B24-4FED-B7F4-7C08093C5F4C} = {E16C72E1-B503-49F4-A93B-19DE35F78E9E}
		{461C7989-42D9-449C-8F8A-ED28E46E508C} = {E16C72E1-B503-49F4-A93B-19DE35F78E9E}
		{DB8E3338-27A7-4ADC-ADBC-031E6B214413} = {E16C72E1-B503-49F4-A93B-19DE35F78E9E}
	EndGlobalSection
	GlobalSection(ExtensibilityGlobals) = postSolution
		SolutionGuid = {3AB883D1-2786-4B79-BE7D-70FE04525921}
	EndGlobalSection
EndGlobal
